<Project xmlns="http://schemas.microsoft.com/developer/msbuild/2003">
    <PropertyGroup>
        <ProjectGuid>{8E6079B8-7221-43EE-AB0E-4C575BD8DE0A}</ProjectGuid>
        <ProjectVersion>20.3</ProjectVersion>
        <FrameworkType>VCL</FrameworkType>
        <Base>True</Base>
        <Config Condition="'$(Config)'==''">Debug</Config>
        <Platform Condition="'$(Platform)'==''">Win64</Platform>
        <TargetedPlatforms>3</TargetedPlatforms>
        <AppType>Console</AppType>
        <MainSource>CloudMailRuTest.dpr</MainSource>
        <ProjectName Condition="'$(ProjectName)'==''">CloudMailRuTest</ProjectName>
    </PropertyGroup>
    <PropertyGroup Condition="'$(Config)'=='Base' or '$(Base)'!=''">
        <Base>true</Base>
    </PropertyGroup>
    <PropertyGroup Condition="('$(Platform)'=='Win32' and '$(Base)'=='true') or '$(Base_Win32)'!=''">
        <Base_Win32>true</Base_Win32>
        <CfgParent>Base</CfgParent>
        <Base>true</Base>
    </PropertyGroup>
    <PropertyGroup Condition="('$(Platform)'=='Win64' and '$(Base)'=='true') or '$(Base_Win64)'!=''">
        <Base_Win64>true</Base_Win64>
        <CfgParent>Base</CfgParent>
        <Base>true</Base>
    </PropertyGroup>
    <PropertyGroup Condition="'$(Config)'=='Debug' or '$(Cfg_1)'!=''">
        <Cfg_1>true</Cfg_1>
        <CfgParent>Base</CfgParent>
        <Base>true</Base>
    </PropertyGroup>
    <PropertyGroup Condition="('$(Platform)'=='Win32' and '$(Cfg_1)'=='true') or '$(Cfg_1_Win32)'!=''">
        <Cfg_1_Win32>true</Cfg_1_Win32>
        <CfgParent>Cfg_1</CfgParent>
        <Cfg_1>true</Cfg_1>
        <Base>true</Base>
    </PropertyGroup>
    <PropertyGroup Condition="('$(Platform)'=='Win64' and '$(Cfg_1)'=='true') or '$(Cfg_1_Win64)'!=''">
        <Cfg_1_Win64>true</Cfg_1_Win64>
        <CfgParent>Cfg_1</CfgParent>
        <Cfg_1>true</Cfg_1>
        <Base>true</Base>
    </PropertyGroup>
    <PropertyGroup Condition="'$(Config)'=='Release' or '$(Cfg_2)'!=''">
        <Cfg_2>true</Cfg_2>
        <CfgParent>Base</CfgParent>
        <Base>true</Base>
    </PropertyGroup>
    <PropertyGroup Condition="'$(Base)'!=''">
        <DCC_DcuOutput>.\$(Platform)\$(Config)</DCC_DcuOutput>
        <DCC_ExeOutput>.\$(Platform)\$(Config)</DCC_ExeOutput>
        <DCC_E>false</DCC_E>
        <DCC_N>false</DCC_N>
        <DCC_S>false</DCC_S>
        <DCC_F>false</DCC_F>
        <DCC_K>false</DCC_K>
        <DCC_Namespace>System;Xml;Data;Datasnap;Web;Soap;Vcl;Vcl.Imaging;Vcl.Touch;Vcl.Samples;Vcl.Shell;$(DCC_Namespace)</DCC_Namespace>
        <UsingDelphiRTL>true</UsingDelphiRTL>
        <Icon_MainIcon>$(BDS)\bin\delphi_PROJECTICON.ico</Icon_MainIcon>
        <Icns_MainIcns>$(BDS)\bin\delphi_PROJECTICNS.icns</Icns_MainIcns>
        <DCC_UnitSearchPath>$(DUnitX);$(DCC_UnitSearchPath)</DCC_UnitSearchPath>
        <SanitizedProjectName>CloudMailRuTest</SanitizedProjectName>
        <VerInfo_Locale>1049</VerInfo_Locale>
        <VerInfo_Keys>CompanyName=;FileDescription=$(MSBuildProjectName);FileVersion=1.0.0.0;InternalName=;LegalCopyright=;LegalTrademarks=;OriginalFilename=;ProgramID=com.embarcadero.$(MSBuildProjectName);ProductName=$(MSBuildProjectName);ProductVersion=1.0.0.0;Comments=</VerInfo_Keys>
    </PropertyGroup>
    <PropertyGroup Condition="'$(Base_Win32)'!=''">
        <DCC_UsePackage>vclwinx;DataSnapServer;fmx;emshosting;vclie;DbxCommonDriver;bindengine;IndyIPCommon;VCLRESTComponents;DBXMSSQLDriver;FireDACCommonODBC;emsclient;FireDACCommonDriver;appanalytics;IndyProtocols;vclx;Skia.Package.RTL;IndyIPClient;dbxcds;vcledge;bindcompvclwinx;emsedge;bindcompfmx;DBXFirebirdDriver;inetdb;FireDACSqliteDriver;DbxClientDriver;FireDACASADriver;soapmidas;vclactnband;fmxFireDAC;dbexpress;FireDACInfxDriver;DBXMySQLDriver;VclSmp;inet;DataSnapCommon;vcltouch;fmxase;DBXOdbcDriver;dbrtl;FireDACDBXDriver;Skia.Package.FMX;FireDACOracleDriver;fmxdae;FireDACMSAccDriver;CustomIPTransport;FireDACMSSQLDriver;DataSnapIndy10ServerTransport;DataSnapConnectors;vcldsnap;DBXInterBaseDriver;FireDACMongoDBDriver;IndySystem;FireDACTDataDriver;Skia.Package.VCL;vcldb;vclFireDAC;bindcomp;FireDACCommon;DataSnapServerMidas;FireDACODBCDriver;emsserverresource;IndyCore;RESTBackendComponents;bindcompdbx;rtl;FireDACMySQLDriver;FireDACADSDriver;RESTComponents;DBXSqliteDriver;vcl;IndyIPServer;dsnapxml;dsnapcon;DataSnapClient;DataSnapProviderClient;adortl;DBXSybaseASEDriver;DBXDb2Driver;vclimg;DataSnapFireDAC;emsclientfiredac;FireDACPgDriver;FireDAC;FireDACDSDriver;inetdbxpress;xmlrtl;tethering;bindcompvcl;dsnap;CloudService;DBXSybaseASADriver;DBXOracleDriver;FireDACDb2Driver;DBXInformixDriver;fmxobj;bindcompvclsmp;DataSnapNativeClient;DatasnapConnectorsFreePascal;soaprtl;soapserver;FireDACIBDriver;$(DCC_UsePackage)</DCC_UsePackage>
        <DCC_Namespace>Winapi;System.Win;Data.Win;Datasnap.Win;Web.Win;Soap.Win;Xml.Win;Bde;$(DCC_Namespace)</DCC_Namespace>
        <BT_BuildType>Debug</BT_BuildType>
        <VerInfo_Keys>CompanyName=;FileDescription=$(MSBuildProjectName);FileVersion=1.0.0.0;InternalName=;LegalCopyright=;LegalTrademarks=;OriginalFilename=;ProgramID=com.embarcadero.$(MSBuildProjectName);ProductName=$(MSBuildProjectName);ProductVersion=1.0.0.0;Comments=</VerInfo_Keys>
        <VerInfo_Locale>1033</VerInfo_Locale>
    </PropertyGroup>
    <PropertyGroup Condition="'$(Base_Win64)'!=''">
        <DCC_UsePackage>vclwinx;DataSnapServer;fmx;emshosting;vclie;DbxCommonDriver;bindengine;IndyIPCommon;VCLRESTComponents;DBXMSSQLDriver;FireDACCommonODBC;emsclient;FireDACCommonDriver;appanalytics;IndyProtocols;vclx;IndyIPClient;dbxcds;vcledge;bindcompvclwinx;emsedge;bindcompfmx;DBXFirebirdDriver;inetdb;FireDACSqliteDriver;DbxClientDriver;FireDACASADriver;soapmidas;vclactnband;fmxFireDAC;dbexpress;FireDACInfxDriver;DBXMySQLDriver;VclSmp;inet;DataSnapCommon;vcltouch;fmxase;DBXOdbcDriver;dbrtl;FireDACDBXDriver;FireDACOracleDriver;fmxdae;FireDACMSAccDriver;CustomIPTransport;FireDACMSSQLDriver;DataSnapIndy10ServerTransport;DataSnapConnectors;vcldsnap;DBXInterBaseDriver;FireDACMongoDBDriver;IndySystem;FireDACTDataDriver;Skia.Package.VCL;vcldb;vclFireDAC;bindcomp;FireDACCommon;DataSnapServerMidas;FireDACODBCDriver;emsserverresource;IndyCore;RESTBackendComponents;bindcompdbx;rtl;FireDACMySQLDriver;FireDACADSDriver;RESTComponents;DBXSqliteDriver;vcl;IndyIPServer;dsnapxml;dsnapcon;DataSnapClient;DataSnapProviderClient;adortl;DBXSybaseASEDriver;DBXDb2Driver;vclimg;DataSnapFireDAC;emsclientfiredac;FireDACPgDriver;FireDAC;FireDACDSDriver;inetdbxpress;xmlrtl;tethering;bindcompvcl;dsnap;CloudService;DBXSybaseASADriver;DBXOracleDriver;FireDACDb2Driver;DBXInformixDriver;fmxobj;bindcompvclsmp;DataSnapNativeClient;DatasnapConnectorsFreePascal;soaprtl;soapserver;FireDACIBDriver;$(DCC_UsePackage)</DCC_UsePackage>
        <DCC_Namespace>Winapi;System.Win;Data.Win;Datasnap.Win;Web.Win;Soap.Win;Xml.Win;$(DCC_Namespace)</DCC_Namespace>
        <BT_BuildType>Debug</BT_BuildType>
        <VerInfo_Locale>1033</VerInfo_Locale>
    </PropertyGroup>
    <PropertyGroup Condition="'$(Cfg_1)'!=''">
        <DCC_Define>DEBUG;$(DCC_Define)</DCC_Define>
        <DCC_Optimize>false</DCC_Optimize>
        <DCC_GenerateStackFrames>true</DCC_GenerateStackFrames>
        <DCC_DebugInfoInExe>true</DCC_DebugInfoInExe>
        <DCC_RemoteDebug>true</DCC_RemoteDebug>
        <DCC_IntegerOverflowCheck>true</DCC_IntegerOverflowCheck>
        <DCC_RangeChecking>true</DCC_RangeChecking>
    </PropertyGroup>
    <PropertyGroup Condition="'$(Cfg_1_Win32)'!=''">
        <DCC_RemoteDebug>false</DCC_RemoteDebug>
        <VerInfo_Locale>1033</VerInfo_Locale>
        <Manifest_File>(None)</Manifest_File>
        <AppDPIAwarenessMode>none</AppDPIAwarenessMode>
    </PropertyGroup>
    <PropertyGroup Condition="'$(Cfg_1_Win64)'!=''">
        <DCC_SYMBOL_PLATFORM>false</DCC_SYMBOL_PLATFORM>
        <DCC_UNIT_PLATFORM>false</DCC_UNIT_PLATFORM>
        <VerInfo_Locale>1033</VerInfo_Locale>
        <Manifest_File>(None)</Manifest_File>
        <AppDPIAwarenessMode>none</AppDPIAwarenessMode>
    </PropertyGroup>
    <PropertyGroup Condition="'$(Cfg_2)'!=''">
        <DCC_LocalDebugSymbols>false</DCC_LocalDebugSymbols>
        <DCC_Define>RELEASE;$(DCC_Define)</DCC_Define>
        <DCC_SymbolReferenceInfo>0</DCC_SymbolReferenceInfo>
        <DCC_DebugInformation>0</DCC_DebugInformation>
    </PropertyGroup>
    <ItemGroup>
        <DelphiCompile Include="$(MainSource)">
            <MainSource>MainSource</MainSource>
        </DelphiCompile>
        <DCCReference Include="FastMM5\FastMM5.pas"/>
        <DCCReference Include="TestHelper.pas"/>
        <DCCReference Include="..\src\Infrastructure\Logger\TCLogger.pas"/>
        <DCCReference Include="Infrastructure\Logger\TCLoggerTest.pas"/>
        <DCCReference Include="..\src\Infrastructure\Protocol\WFXTypes.pas"/>
        <DCCReference Include="..\src\Infrastructure\OS\SystemHelper.pas"/>
        <DCCReference Include="..\src\Infrastructure\Progress\TCProgress.pas"/>
        <DCCReference Include="Infrastructure\Progress\TCProgressTest.pas"/>
        <DCCReference Include="..\src\Infrastructure\Request\TCRequest.pas"/>
        <DCCReference Include="Infrastructure\Request\TCRequestTest.pas"/>
        <DCCReference Include="..\src\Infrastructure\Password\TCPasswordManager.pas"/>
        <DCCReference Include="Infrastructure\Password\TCPasswordManagerTest.pas"/>
        <DCCReference Include="..\src\Infrastructure\Logger\DebugHelper.pas"/>
        <DCCReference Include="..\src\Infrastructure\IO\FileHelper.pas"/>
        <DCCReference Include="..\src\Infrastructure\IO\PathHelper.pas"/>
        <DCCReference Include="..\src\Infrastructure\OS\WindowsHelper.pas"/>
        <DCCReference Include="..\src\Infrastructure\Settings\ConnectionSettings.pas"/>
        <DCCReference Include="..\src\Infrastructure\Settings\SettingsConstants.pas"/>
        <DCCReference Include="..\src\Domain\Constants\CloudConstants.pas"/>
        <DCCReference Include="..\src\Infrastructure\Settings\ProxySettings.pas"/>
        <DCCReference Include="..\src\Infrastructure\IO\StringHelper.pas"/>
        <DCCReference Include="..\src\Infrastructure\TC\TCHandler.pas"/>
        <DCCReference Include="..\src\Domain\Services\Description.pas"/>
        <DCCReference Include="..\src\Presentation\Localization\LanguageStrings.pas"/>
        <DCCReference Include="Infrastructure\Settings\PluginSettingsManagerTest.pas"/>
        <DCCReference Include="Infrastructure\Settings\AccountsManagerTest.pas"/>
        <DCCReference Include="..\src\Infrastructure\HTTP\ParsingHelper.pas"/>
        <DCCReference Include="..\src\Domain\ValueObjects\WSList.pas"/>
        <DCCReference Include="..\src\Infrastructure\Settings\AccountSettings.pas"/>
        <DCCReference Include="..\src\Infrastructure\Settings\AccountsManager.pas"/>
        <DCCReference Include="..\src\Infrastructure\Cipher\FileCipher.pas"/>
        <DCCReference Include="..\src\Domain\ValueObjects\CloudDirItemList.pas"/>
        <DCCReference Include="..\src\Domain\ValueObjects\CloudDirItem.pas"/>
        <DCCReference Include="..\src\Infrastructure\HTTP\JSONHelper.pas"/>
        <DCCReference Include="..\src\libs\DCPCrypt\DCPblockciphers.pas"/>
        <DCCReference Include="..\src\libs\DCPCrypt\DCPcrypt2.pas"/>
        <DCCReference Include="..\src\libs\DCPCrypt\DCPtypes.pas"/>
        <DCCReference Include="..\src\libs\DCPCrypt\Ciphers\DCPrijndael.pas"/>
        <DCCReference Include="..\src\libs\DCPCrypt\DCPconst.pas"/>
        <DCCReference Include="..\src\libs\DCPCrypt\DCPbase64.pas"/>
        <DCCReference Include="..\src\libs\DCPCrypt\Hashes\DCPsha1.pas"/>
        <DCCReference Include="..\src\Infrastructure\Settings\PluginSettingsManager.pas"/>
        <DCCReference Include="..\src\Infrastructure\Settings\PluginSettings.pas"/>
        <DCCReference Include="..\src\Infrastructure\Config\IniFilesHelper.pas"/>
        <DCCReference Include="..\src\Infrastructure\Settings\StreamingSettings.pas"/>
        <DCCReference Include="Infrastructure\IO\FileHelperTest.pas"/>
        <DCCReference Include="Infrastructure\IO\PathHelperTest.pas"/>
        <DCCReference Include="Infrastructure\IO\StringHelperTest.pas"/>
        <DCCReference Include="..\src\Application\Retry\TokenRetryHelper.pas"/>
        <DCCReference Include="Application\Retry\TokenRetryHelperTest.pas"/>
        <DCCReference Include="Infrastructure\HTTP\ParsingHelperTest.pas"/>
        <DCCReference Include="Domain\ValueObjects\RealPathTest.pas"/>
        <DCCReference Include="..\src\Domain\ValueObjects\HashInfo.pas"/>
        <DCCReference Include="Domain\ValueObjects\HashInfoTest.pas"/>
        <DCCReference Include="Domain\ValueObjects\CloudDirItemTest.pas"/>
        <DCCReference Include="Domain\ValueObjects\CloudOperationResultTest.pas"/>
        <DCCReference Include="Domain\ValueObjects\CloudSpaceTest.pas"/>
        <DCCReference Include="Domain\ValueObjects\WSListTest.pas"/>
        <DCCReference Include="Infrastructure\HTTP\JSONHelperTest.pas"/>
        <DCCReference Include="Infrastructure\Config\IniFilesHelperTest.pas"/>
        <DCCReference Include="Infrastructure\Config\IniConfigFileTest.pas"/>
        <DCCReference Include="Infrastructure\OS\WindowsHelperTest.pas"/>
        <DCCReference Include="Domain\ValueObjects\CloudDirItemListTest.pas"/>
        <DCCReference Include="Domain\ValueObjects\CloudOAuthTest.pas"/>
        <DCCReference Include="Domain\ValueObjects\CloudIncomingInviteTest.pas"/>
        <DCCReference Include="Domain\ValueObjects\CloudInviteListTest.pas"/>
        <DCCReference Include="Domain\ValueObjects\CloudIncomingInviteListTest.pas"/>
        <DCCReference Include="Domain\ValueObjects\CloudTwostepTest.pas"/>
        <DCCReference Include="Domain\ValueObjects\CloudFileIdentityTest.pas"/>
        <DCCReference Include="Infrastructure\Settings\AccountSettingsTest.pas"/>
        <DCCReference Include="Infrastructure\Settings\PluginSettingsTest.pas"/>
        <DCCReference Include="Infrastructure\Cipher\FileCipherTest.pas"/>
        <DCCReference Include="Infrastructure\Cipher\NullCipherTest.pas"/>
        <DCCReference Include="Infrastructure\Cipher\CipherStreamsTest.pas"/>
        <DCCReference Include="Domain\Services\CloudMailRuResourceTest.pas"/>
        <DCCReference Include="Domain\Services\CloudMailRuStaticTest.pas"/>
        <DCCReference Include="..\src\Domain\Services\CloudAccessMapper.pas"/>
        <DCCReference Include="Domain\Services\CloudAccessUtilsMapper.pas"/>
        <DCCReference Include="Domain\Services\CloudMailRuInstanceTest.pas"/>
        <DCCReference Include="Domain\Services\CloudMailRuFactoryTest.pas"/>
        <DCCReference Include="Domain\Services\CloudMailRuHashTest.pas"/>
        <DCCReference Include="Infrastructure\IO\ChunkedFileStreamTest.pas"/>
        <DCCReference Include="Domain\Services\DescriptionTest.pas"/>
        <DCCReference Include="Infrastructure\IO\FileSplitInfoTest.pas"/>
        <DCCReference Include="Infrastructure\TC\TCHandlerTest.pas"/>
        <DCCReference Include="..\src\Presentation\Icon\IconHelper.pas"/>
        <DCCReference Include="Presentation\Icon\IconHelperTest.pas"/>
        <DCCReference Include="..\src\Domain\Services\CloudMailRu.pas"/>
        <DCCReference Include="..\src\Domain\Services\CloudMailRuFactory.pas"/>
        <DCCReference Include="..\src\Domain\ValueObjects\CloudFileIdentity.pas"/>
        <DCCReference Include="..\src\Domain\ValueObjects\CloudIncomingInviteList.pas"/>
        <DCCReference Include="..\src\Domain\ValueObjects\CloudInviteList.pas"/>
        <DCCReference Include="..\src\Domain\ValueObjects\CloudOAuth.pas"/>
        <DCCReference Include="..\src\Domain\ValueObjects\CloudOperationResult.pas"/>
        <DCCReference Include="..\src\Domain\ValueObjects\CloudSpace.pas"/>
        <DCCReference Include="..\src\Domain\ValueObjects\CloudTwostep.pas"/>
        <DCCReference Include="..\src\Infrastructure\HTTP\CloudHTTP.pas"/>
        <DCCReference Include="..\src\Domain\ValueObjects\CloudInvite.pas"/>
        <DCCReference Include="..\src\Domain\ValueObjects\CloudIncomingInvite.pas"/>
        <DCCReference Include="..\src\Domain\ValueObjects\CloudOwner.pas"/>
        <DCCReference Include="..\src\Infrastructure\IO\ChunkedFileStream.pas"/>
        <DCCReference Include="..\src\Infrastructure\IO\FileSplitInfo.pas"/>
        <DCCReference Include="..\src\Infrastructure\HTTP\HTTPManager.pas"/>
        <DCCReference Include="..\src\Domain\ValueObjects\RealPath.pas"/>
        <DCCReference Include="..\src\Infrastructure\Settings\CloudSettings.pas"/>
        <DCCReference Include="Infrastructure\Settings\CloudSettingsTest.pas"/>
        <DCCReference Include="..\src\Infrastructure\Password\PasswordUIProvider.pas"/>
        <DCCReference Include="Infrastructure\Password\PasswordUIProviderTest.pas"/>
        <DCCReference Include="Infrastructure\HTTP\HTTPManagerTest.pas"/>
        <DCCReference Include="Infrastructure\HTTP\CloudHTTPTest.pas"/>
        <DCCReference Include="..\src\Infrastructure\Cipher\CipherValidator.pas"/>
        <DCCReference Include="Infrastructure\Cipher\CipherValidatorTest.pas"/>
        <DCCReference Include="Infrastructure\Services\ConnectionManagerTest.pas"/>
        <DCCReference Include="..\src\Infrastructure\Services\ConnectionManager.pas"/>
        <DCCReference Include="..\src\Infrastructure\FileSystem\WindowsFileSystem.pas"/>
        <DCCReference Include="Infrastructure\FileSystem\WindowsFileSystemTest.pas"/>
        <DCCReference Include="..\src\Infrastructure\Config\IniConfigFile.pas"/>
        <DCCReference Include="..\src\Infrastructure\Environment\WindowsEnvironment.pas"/>
        <DCCReference Include="Infrastructure\Environment\WindowsEnvironmentTest.pas"/>
        <DCCReference Include="..\src\Presentation\UI\Forms\AskPassword.pas">
            <Form>AskPasswordForm</Form>
        </DCCReference>
        <DCCReference Include="..\src\Infrastructure\Authentication\AuthStrategy.pas"/>
        <DCCReference Include="Infrastructure\Authentication\NullAuthStrategyTest.pas"/>
        <DCCReference Include="..\src\Infrastructure\Authentication\OAuthAppAuthStrategy.pas"/>
        <DCCReference Include="Infrastructure\Authentication\OAuthAppAuthStrategyTest.pas"/>
        <DCCReference Include="..\src\Infrastructure\Authentication\SharedAccountAuthStrategy.pas"/>
        <DCCReference Include="Infrastructure\Authentication\SharedAccountAuthStrategyTest.pas"/>
        <DCCReference Include="..\src\Infrastructure\Authentication\WebAuthStrategy.pas"/>
        <DCCReference Include="..\src\Infrastructure\Authentication\TwoStepAuthStrategy.pas"/>
        <DCCReference Include="..\src\Infrastructure\Authentication\OldOAuthStrategy.pas"/>
        <DCCReference Include="Infrastructure\Authentication\DeprecatedStrategiesTest.pas"/>
        <DCCReference Include="mocks\MockCloudHTTP.pas"/>
        <DCCReference Include="mocks\MockHTTPManager.pas"/>
        <DCCReference Include="mocks\MockConnectionManager.pas"/>
        <DCCReference Include="mocks\MockShardHelper.pas"/>
        <DCCReference Include="mocks\MockAuthStrategy.pas"/>
        <DCCReference Include="mocks\MockCloudHTTPStreamTest.pas"/>
        <DCCReference Include="Domain\Services\CloudMailRuDirListingTest.pas"/>
        <DCCReference Include="Domain\Services\CloudMailRuFileOperationsTest.pas"/>
        <DCCReference Include="Domain\Services\CloudMailRuPublicAccountTest.pas"/>
        <DCCReference Include="Domain\Services\CloudMailRuErrorHandlingTest.pas"/>
        <DCCReference Include="Domain\Services\CloudMailRuUploadDownloadTest.pas"/>
        <DCCReference Include="Domain\Services\CloudMailRuAdditionalOpsTest.pas"/>
        <DCCReference Include="Domain\Services\CloudMailRuMiscOpsTest.pas"/>
        <DCCReference Include="Domain\Services\CloudMailRuCombinedOpsTest.pas"/>
        <DCCReference Include="Domain\Services\CloudMailRuShardTest.pas"/>
        <DCCReference Include="Domain\Services\CloudMailRuLoginTest.pas"/>
        <DCCReference Include="Domain\Services\CloudMailRuDownloadTest.pas"/>
        <DCCReference Include="Domain\Services\CloudMailRuUploadTest.pas"/>
        <DCCReference Include="Domain\Services\CloudMailRuIntegrationTest.pas"/>
        <DCCReference Include="Domain\Services\CloudMailRuLoginFlowTest.pas"/>
        <DCCReference Include="Application\Upload\CloudFileUploaderSplitTest.pas"/>
        <DCCReference Include="..\src\Infrastructure\State\ThreadStateManager.pas"/>
        <DCCReference Include="Infrastructure\State\ThreadStateManagerTest.pas"/>
        <DCCReference Include="..\src\Presentation\ContentField\ContentFieldProvider.pas"/>
        <DCCReference Include="Presentation\ContentField\ContentFieldProviderTest.pas"/>
        <DCCReference Include="..\src\Presentation\Icon\IconProvider.pas"/>
        <DCCReference Include="Presentation\Icon\IconProviderTest.pas"/>
        <DCCReference Include="..\src\Application\Operation\OperationLifecycleHandler.pas"/>
        <DCCReference Include="Application\Operation\OperationLifecycleHandlerTest.pas"/>
        <DCCReference Include="..\src\Application\Description\DescriptionSyncManager.pas"/>
        <DCCReference Include="..\src\Infrastructure\Adapter\CloudDescriptionOperationsAdapter.pas"/>
        <DCCReference Include="Infrastructure\Adapter\CloudDescriptionOperationsAdapterTest.pas"/>
        <DCCReference Include="..\src\Infrastructure\Adapter\CloudDirItemJsonAdapter.pas"/>
        <DCCReference Include="Infrastructure\Adapter\CloudDirItemJsonAdapterTest.pas"/>
        <DCCReference Include="..\src\Infrastructure\Adapter\CloudDirItemListJsonAdapter.pas"/>
        <DCCReference Include="Infrastructure\Adapter\CloudDirItemListJsonAdapterTest.pas"/>
        <DCCReference Include="..\src\Infrastructure\Adapter\CloudOAuthJsonAdapter.pas"/>
        <DCCReference Include="Infrastructure\Adapter\CloudOAuthJsonAdapterTest.pas"/>
        <DCCReference Include="..\src\Infrastructure\Adapter\CloudOperationResultJsonAdapter.pas"/>
        <DCCReference Include="Infrastructure\Adapter\CloudOperationResultJsonAdapterTest.pas"/>
        <DCCReference Include="..\src\Infrastructure\Adapter\CloudSpaceJsonAdapter.pas"/>
        <DCCReference Include="Infrastructure\Adapter\CloudSpaceJsonAdapterTest.pas"/>
        <DCCReference Include="..\src\Infrastructure\Adapter\CloudTwostepJsonAdapter.pas"/>
        <DCCReference Include="Infrastructure\Adapter\CloudTwostepJsonAdapterTest.pas"/>
        <DCCReference Include="..\src\Infrastructure\Adapter\CloudInviteListJsonAdapter.pas"/>
        <DCCReference Include="Infrastructure\Adapter\CloudInviteListJsonAdapterTest.pas"/>
        <DCCReference Include="..\src\Infrastructure\Adapter\CloudIncomingInviteListJsonAdapter.pas"/>
        <DCCReference Include="Infrastructure\Adapter\CloudIncomingInviteListJsonAdapterTest.pas"/>
        <DCCReference Include="mocks\MockCloudDescriptionOps.pas"/>
        <DCCReference Include="Application\Description\DescriptionSyncManagerTest.pas"/>
        <DCCReference Include="..\src\Application\Retry\RetryHandler.pas"/>
        <DCCReference Include="Application\Retry\RetryHandlerTest.pas"/>
        <DCCReference Include="..\src\Application\Command\CommandDispatcher.pas"/>
        <DCCReference Include="Application\Command\CommandDispatcherTest.pas"/>
        <DCCReference Include="..\src\Application\Listing\ListingProvider.pas"/>
        <DCCReference Include="Application\Listing\ListingProviderTest.pas"/>
        <DCCReference Include="..\src\Application\Description\DescriptionSyncGuard.pas"/>
        <DCCReference Include="Application\Description\DescriptionSyncGuardTest.pas"/>
        <DCCReference Include="..\src\Application\FileOps\LocalFileDeletionHandler.pas"/>
        <DCCReference Include="Application\FileOps\LocalFileDeletionHandlerTest.pas"/>
        <DCCReference Include="..\src\Application\Download\DownloadSuccessHandler.pas"/>
        <DCCReference Include="Application\Download\DownloadSuccessHandlerTest.pas"/>
        <DCCReference Include="..\src\Application\Operation\OperationActionExecutor.pas"/>
        <DCCReference Include="Application\Operation\OperationActionExecutorTest.pas"/>
        <DCCReference Include="..\src\Application\Listing\ListingSkipDecider.pas"/>
        <DCCReference Include="Application\Listing\ListingSkipDeciderTest.pas"/>
        <DCCReference Include="..\src\Application\Listing\ListingPathValidator.pas"/>
        <DCCReference Include="Application\Listing\ListingPathValidatorTest.pas"/>
        <DCCReference Include="..\src\Application\FileOps\SameAccountMoveHandler.pas"/>
        <DCCReference Include="Application\FileOps\SameAccountMoveHandlerTest.pas"/>
        <DCCReference Include="..\src\Application\FileOps\FileStreamExecutor.pas"/>
        <DCCReference Include="Application\FileOps\FileStreamExecutorTest.pas"/>
        <DCCReference Include="..\src\Application\Download\LocalFileConflictResolver.pas"/>
        <DCCReference Include="Application\Download\LocalFileConflictResolverTest.pas"/>
        <DCCReference Include="..\src\Application\Listing\ListingItemFetcher.pas"/>
        <DCCReference Include="Application\Listing\ListingItemFetcherTest.pas"/>
        <DCCReference Include="..\src\Application\FileOps\SharedItemDeletionHandler.pas"/>
        <DCCReference Include="Application\FileOps\SharedItemDeletionHandlerTest.pas"/>
        <DCCReference Include="..\src\Application\Operations\TrashBinOperationHandler.pas"/>
        <DCCReference Include="Application\Operations\TrashBinOperationHandlerTest.pas"/>
        <DCCReference Include="..\src\Application\Operations\InviteOperationHandler.pas"/>
        <DCCReference Include="Application\Operations\InviteOperationHandlerTest.pas"/>
        <DCCReference Include="..\src\Application\FileOps\CrossAccountFileOperationHandler.pas"/>
        <DCCReference Include="Application\FileOps\CrossAccountFileOperationHandlerTest.pas"/>
        <DCCReference Include="..\src\Presentation\Icon\IconRenderingEngine.pas"/>
        <DCCReference Include="Presentation\Icon\IconRenderingEngineTest.pas"/>
        <DCCReference Include="..\src\Application\Operations\FileExecutionDispatcher.pas"/>
        <DCCReference Include="Application\Operations\FileExecutionDispatcherTest.pas"/>
        <DCCReference Include="..\src\Application\Operations\SharedItemActionHandler.pas"/>
        <DCCReference Include="Application\Operations\SharedItemActionHandlerTest.pas"/>
        <DCCReference Include="..\src\Application\FileOps\MoveOperationContextTracker.pas"/>
        <DCCReference Include="Application\FileOps\MoveOperationContextTrackerTest.pas"/>
        <DCCReference Include="..\src\Application\FileOps\DirectoryDeletionPreCheck.pas"/>
        <DCCReference Include="Application\FileOps\DirectoryDeletionPreCheckTest.pas"/>
        <DCCReference Include="..\src\Application\Upload\UploadPreparationValidator.pas"/>
        <DCCReference Include="Application\Upload\UploadPreparationValidatorTest.pas"/>
        <DCCReference Include="..\src\Application\Download\DownloadPreparationValidator.pas"/>
        <DCCReference Include="Application\Download\DownloadPreparationValidatorTest.pas"/>
        <DCCReference Include="..\src\Application\Upload\UploadCompletionHandler.pas"/>
        <DCCReference Include="Application\Upload\UploadCompletionHandlerTest.pas"/>
        <DCCReference Include="..\src\Application\Listing\RootListingHandler.pas"/>
        <DCCReference Include="Application\Listing\RootListingHandlerTest.pas"/>
        <DCCReference Include="..\src\Application\Listing\PathListingHandler.pas"/>
        <DCCReference Include="Application\Listing\PathListingHandlerTest.pas"/>
        <DCCReference Include="..\src\Presentation\Icon\IconContextBuilder.pas"/>
        <DCCReference Include="Presentation\Icon\IconContextBuilderTest.pas"/>
        <DCCReference Include="..\src\Application\Upload\OverwritePreparationHandler.pas"/>
        <DCCReference Include="Application\Upload\OverwritePreparationHandlerTest.pas"/>
        <DCCReference Include="..\src\Application\Operation\OperationStatusContextBuilder.pas"/>
        <DCCReference Include="Application\Operation\OperationStatusContextBuilderTest.pas"/>
        <DCCReference Include="..\src\Application\Listing\ListingResultApplier.pas"/>
        <DCCReference Include="Application\Listing\ListingResultApplierTest.pas"/>
        <DCCReference Include="..\src\Application\Download\DownloadOrchestrator.pas"/>
        <DCCReference Include="Application\Download\DownloadOrchestratorTest.pas"/>
        <DCCReference Include="..\src\Infrastructure\Hash\CloudHashCalculator.pas"/>
        <DCCReference Include="Infrastructure\Hash\CloudHashCalculatorTest.pas"/>
        <DCCReference Include="..\src\Infrastructure\Shard\CloudShardManager.pas"/>
        <DCCReference Include="Infrastructure\Shard\CloudShardManagerTest.pas"/>
        <DCCReference Include="..\src\Domain\Services\CloudErrorMapper.pas"/>
        <DCCReference Include="Domain\Services\CloudErrorMapperTest.pas"/>
        <DCCReference Include="..\src\Application\CloudCallbackTypes.pas"/>
        <DCCReference Include="..\src\Application\Download\CloudFileDownloader.pas"/>
        <DCCReference Include="Application\Download\CloudFileDownloaderTest.pas"/>
        <DCCReference Include="..\src\Application\Upload\CloudFileUploader.pas"/>
        <DCCReference Include="Application\Upload\CloudFileUploaderTest.pas"/>
        <DCCReference Include="..\src\Application\Share\CloudShareService.pas"/>
        <DCCReference Include="Application\Share\CloudShareServiceTest.pas"/>
        <DCCReference Include="..\src\Application\Listing\CloudListingService.pas"/>
        <DCCReference Include="Application\Listing\CloudListingServiceTest.pas"/>
        <DCCReference Include="..\src\Application\FileOps\CloudFileOperations.pas"/>
        <DCCReference Include="Application\FileOps\CloudFileOperationsTest.pas"/>
        <DCCReference Include="..\src\Presentation\Presenter\RemotePropertyPresenter.pas"/>
        <DCCReference Include="Presentation\Presenter\RemotePropertyPresenterTest.pas"/>
        <DCCReference Include="..\src\Presentation\Presenter\AccountsPresenter.pas"/>
        <DCCReference Include="Presentation\Presenter\AccountsPresenterTest.pas"/>
        <DCCReference Include="..\src\Presentation\Presenter\InvitePropertyPresenter.pas"/>
        <DCCReference Include="Presentation\Presenter\InvitePropertyPresenterTest.pas"/>
        <DCCReference Include="..\src\Presentation\Presenter\DeletedPropertyPresenter.pas"/>
        <DCCReference Include="Presentation\Presenter\DeletedPropertyPresenterTest.pas"/>
        <DCCReference Include="..\src\Presentation\Presenter\AskPasswordPresenter.pas"/>
        <DCCReference Include="Presentation\Presenter\AskPasswordPresenterTest.pas"/>
        <DCCReference Include="Presentation\UI\Forms\AskPasswordFormTest.pas"/>
        <DCCReference Include="Integration\IntegrationTestConfig.pas"/>
        <DCCReference Include="Integration\TestDataGenerator.pas"/>
        <DCCReference Include="Integration\IntegrationTestBase.pas"/>
        <DCCReference Include="Integration\AuthenticationIntegrationTest.pas"/>
        <DCCReference Include="Integration\QuotaIntegrationTest.pas"/>
        <DCCReference Include="Integration\DirectoryIntegrationTest.pas"/>
        <DCCReference Include="Integration\UploadIntegrationTest.pas"/>
        <DCCReference Include="Integration\DownloadIntegrationTest.pas"/>
        <DCCReference Include="Integration\FileOpsIntegrationTest.pas"/>
        <DCCReference Include="Integration\TrashIntegrationTest.pas"/>
        <DCCReference Include="Integration\SharingIntegrationTest.pas"/>
        <DCCReference Include="Integration\InviteIntegrationTest.pas"/>
        <DCCReference Include="Infrastructure\OpenSSL\OpenSSLProviderTest.pas"/>
        <BuildConfiguration Include="Base">
            <Key>Base</Key>
        </BuildConfiguration>
        <BuildConfiguration Include="Debug">
            <Key>Cfg_1</Key>
            <CfgParent>Base</CfgParent>
        </BuildConfiguration>
        <BuildConfiguration Include="Release">
            <Key>Cfg_2</Key>
            <CfgParent>Base</CfgParent>
        </BuildConfiguration>
    </ItemGroup>
    <ProjectExtensions>
        <Borland.Personality>Delphi.Personality.12</Borland.Personality>
        <Borland.ProjectType>Application</Borland.ProjectType>
        <BorlandProject>
            <Delphi.Personality>
                <Source>
                    <Source Name="MainSource">CloudMailRuTest.dpr</Source>
                </Source>
                <Excluded_Packages>
                    <Excluded_Packages Name="$(BDSBIN)\dcloffice2k290.bpl">Microsoft Office 2000 Sample Automation Server Wrapper Components</Excluded_Packages>
                    <Excluded_Packages Name="$(BDSBIN)\dclofficexp290.bpl">Microsoft Office XP Sample Automation Server Wrapper Components</Excluded_Packages>
                </Excluded_Packages>
            </Delphi.Personality>
            <Deployment Version="3">
                <DeployFile LocalName="$(BDS)\Redist\iossimulator\libcgunwind.1.0.dylib" Class="DependencyModule"/>
                <DeployFile LocalName="$(BDS)\Redist\iossimulator\libpcre.dylib" Class="DependencyModule"/>
                <DeployFile LocalName="$(BDS)\Redist\osx32\libcgunwind.1.0.dylib" Class="DependencyModule"/>
                <DeployFile LocalName="Win32\Debug\CloudMailRuTest.exe" Configuration="Debug" Class="ProjectOutput"/>
                <DeployFile LocalName="Win64\Debug\CloudMailRuTest.exe" Configuration="Debug" Class="ProjectOutput"/>
                <DeployFile LocalName="Win64\Debug\CloudMailRuTest.rsm" Configuration="Debug" Class="DebugSymbols"/>
                <DeployClass Name="AdditionalDebugSymbols">
                    <Platform Name="iOSSimulator">
                        <Operation>1</Operation>
                    </Platform>
                    <Platform Name="OSX32">
                        <RemoteDir>Contents\MacOS</RemoteDir>
                        <Operation>1</Operation>
                    </Platform>
                    <Platform Name="Win32">
                        <Operation>0</Operation>
                    </Platform>
                </DeployClass>
                <DeployClass Name="AndroidClasses">
                    <Platform Name="Android">
                        <RemoteDir>classes</RemoteDir>
                        <Operation>64</Operation>
                    </Platform>
                    <Platform Name="Android64">
                        <RemoteDir>classes</RemoteDir>
                        <Operation>64</Operation>
                    </Platform>
                </DeployClass>
                <DeployClass Name="AndroidFileProvider">
                    <Platform Name="Android">
                        <RemoteDir>res\xml</RemoteDir>
                        <Operation>1</Operation>
                    </Platform>
                    <Platform Name="Android64">
                        <RemoteDir>res\xml</RemoteDir>
                        <Operation>1</Operation>
                    </Platform>
                </DeployClass>
                <DeployClass Name="AndroidGDBServer">
                    <Platform Name="Android">
                        <RemoteDir>library\lib\armeabi-v7a</RemoteDir>
                        <Operation>1</Operation>
                    </Platform>
                </DeployClass>
                <DeployClass Name="AndroidLibnativeArmeabiFile">
                    <Platform Name="Android">
                        <RemoteDir>library\lib\armeabi</RemoteDir>
                        <Operation>1</Operation>
                    </Platform>
                    <Platform Name="Android64">
                        <RemoteDir>library\lib\armeabi</RemoteDir>
                        <Operation>1</Operation>
                    </Platform>
                </DeployClass>
                <DeployClass Name="AndroidLibnativeArmeabiv7aFile">
                    <Platform Name="Android64">
                        <RemoteDir>library\lib\armeabi-v7a</RemoteDir>
                        <Operation>1</Operation>
                    </Platform>
                </DeployClass>
                <DeployClass Name="AndroidLibnativeMipsFile">
                    <Platform Name="Android">
                        <RemoteDir>library\lib\mips</RemoteDir>
                        <Operation>1</Operation>
                    </Platform>
                    <Platform Name="Android64">
                        <RemoteDir>library\lib\mips</RemoteDir>
                        <Operation>1</Operation>
                    </Platform>
                </DeployClass>
                <DeployClass Name="AndroidServiceOutput">
                    <Platform Name="Android">
                        <RemoteDir>library\lib\armeabi-v7a</RemoteDir>
                        <Operation>1</Operation>
                    </Platform>
                    <Platform Name="Android64">
                        <RemoteDir>library\lib\arm64-v8a</RemoteDir>
                        <Operation>1</Operation>
                    </Platform>
                </DeployClass>
                <DeployClass Name="AndroidServiceOutput_Android32">
                    <Platform Name="Android64">
                        <RemoteDir>library\lib\armeabi-v7a</RemoteDir>
                        <Operation>1</Operation>
                    </Platform>
                </DeployClass>
                <DeployClass Name="AndroidSplashImageDef">
                    <Platform Name="Android">
                        <RemoteDir>res\drawable</RemoteDir>
                        <Operation>1</Operation>
                    </Platform>
                    <Platform Name="Android64">
                        <RemoteDir>res\drawable</RemoteDir>
                        <Operation>1</Operation>
                    </Platform>
                </DeployClass>
                <DeployClass Name="AndroidSplashImageDefV21">
                    <Platform Name="Android">
                        <RemoteDir>res\drawable-anydpi-v21</RemoteDir>
                        <Operation>1</Operation>
                    </Platform>
                    <Platform Name="Android64">
                        <RemoteDir>res\drawable-anydpi-v21</RemoteDir>
                        <Operation>1</Operation>
                    </Platform>
                </DeployClass>
                <DeployClass Name="AndroidSplashStyles">
                    <Platform Name="Android">
                        <RemoteDir>res\values</RemoteDir>
                        <Operation>1</Operation>
                    </Platform>
                    <Platform Name="Android64">
                        <RemoteDir>res\values</RemoteDir>
                        <Operation>1</Operation>
                    </Platform>
                </DeployClass>
                <DeployClass Name="AndroidSplashStylesV21">
                    <Platform Name="Android">
                        <RemoteDir>res\values-v21</RemoteDir>
                        <Operation>1</Operation>
                    </Platform>
                    <Platform Name="Android64">
                        <RemoteDir>res\values-v21</RemoteDir>
                        <Operation>1</Operation>
                    </Platform>
                </DeployClass>
                <DeployClass Name="AndroidSplashStylesV31">
                    <Platform Name="Android">
                        <RemoteDir>res\values-v31</RemoteDir>
                        <Operation>1</Operation>
                    </Platform>
                    <Platform Name="Android64">
                        <RemoteDir>res\values-v31</RemoteDir>
                        <Operation>1</Operation>
                    </Platform>
                </DeployClass>
                <DeployClass Name="AndroidSplashStylesV35">
                    <Platform Name="Android">
                        <RemoteDir>res\values-v35</RemoteDir>
                        <Operation>1</Operation>
                    </Platform>
                    <Platform Name="Android64">
                        <RemoteDir>res\values-v35</RemoteDir>
                        <Operation>1</Operation>
                    </Platform>
                </DeployClass>
                <DeployClass Name="Android_AdaptiveIcon">
                    <Platform Name="Android">
                        <RemoteDir>res\drawable-anydpi-v26</RemoteDir>
                        <Operation>1</Operation>
                    </Platform>
                    <Platform Name="Android64">
                        <RemoteDir>res\drawable-anydpi-v26</RemoteDir>
                        <Operation>1</Operation>
                    </Platform>
                </DeployClass>
                <DeployClass Name="Android_AdaptiveIconBackground">
                    <Platform Name="Android">
                        <RemoteDir>res\drawable</RemoteDir>
                        <Operation>1</Operation>
                    </Platform>
                    <Platform Name="Android64">
                        <RemoteDir>res\drawable</RemoteDir>
                        <Operation>1</Operation>
                    </Platform>
                </DeployClass>
                <DeployClass Name="Android_AdaptiveIconForeground">
                    <Platform Name="Android">
                        <RemoteDir>res\drawable</RemoteDir>
                        <Operation>1</Operation>
                    </Platform>
                    <Platform Name="Android64">
                        <RemoteDir>res\drawable</RemoteDir>
                        <Operation>1</Operation>
                    </Platform>
                </DeployClass>
                <DeployClass Name="Android_AdaptiveIconMonochrome">
                    <Platform Name="Android">
                        <RemoteDir>res\drawable</RemoteDir>
                        <Operation>1</Operation>
                    </Platform>
                    <Platform Name="Android64">
                        <RemoteDir>res\drawable</RemoteDir>
                        <Operation>1</Operation>
                    </Platform>
                </DeployClass>
                <DeployClass Name="Android_AdaptiveIconV33">
                    <Platform Name="Android">
                        <RemoteDir>res\drawable-anydpi-v33</RemoteDir>
                        <Operation>1</Operation>
                    </Platform>
                    <Platform Name="Android64">
                        <RemoteDir>res\drawable-anydpi-v33</RemoteDir>
                        <Operation>1</Operation>
                    </Platform>
                </DeployClass>
                <DeployClass Name="Android_Colors">
                    <Platform Name="Android">
                        <RemoteDir>res\values</RemoteDir>
                        <Operation>1</Operation>
                    </Platform>
                    <Platform Name="Android64">
                        <RemoteDir>res\values</RemoteDir>
                        <Operation>1</Operation>
                    </Platform>
                </DeployClass>
                <DeployClass Name="Android_ColorsDark">
                    <Platform Name="Android">
                        <RemoteDir>res\values-night-v21</RemoteDir>
                        <Operation>1</Operation>
                    </Platform>
                    <Platform Name="Android64">
                        <RemoteDir>res\values-night-v21</RemoteDir>
                        <Operation>1</Operation>
                    </Platform>
                </DeployClass>
                <DeployClass Name="Android_DefaultAppIcon">
                    <Platform Name="Android">
                        <RemoteDir>res\drawable</RemoteDir>
                        <Operation>1</Operation>
                    </Platform>
                    <Platform Name="Android64">
                        <RemoteDir>res\drawable</RemoteDir>
                        <Operation>1</Operation>
                    </Platform>
                </DeployClass>
                <DeployClass Name="Android_LauncherIcon144">
                    <Platform Name="Android">
                        <RemoteDir>res\drawable-xxhdpi</RemoteDir>
                        <Operation>1</Operation>
                    </Platform>
                    <Platform Name="Android64">
                        <RemoteDir>res\drawable-xxhdpi</RemoteDir>
                        <Operation>1</Operation>
                    </Platform>
                </DeployClass>
                <DeployClass Name="Android_LauncherIcon192">
                    <Platform Name="Android">
                        <RemoteDir>res\drawable-xxxhdpi</RemoteDir>
                        <Operation>1</Operation>
                    </Platform>
                    <Platform Name="Android64">
                        <RemoteDir>res\drawable-xxxhdpi</RemoteDir>
                        <Operation>1</Operation>
                    </Platform>
                </DeployClass>
                <DeployClass Name="Android_LauncherIcon36">
                    <Platform Name="Android">
                        <RemoteDir>res\drawable-ldpi</RemoteDir>
                        <Operation>1</Operation>
                    </Platform>
                    <Platform Name="Android64">
                        <RemoteDir>res\drawable-ldpi</RemoteDir>
                        <Operation>1</Operation>
                    </Platform>
                </DeployClass>
                <DeployClass Name="Android_LauncherIcon48">
                    <Platform Name="Android">
                        <RemoteDir>res\drawable-mdpi</RemoteDir>
                        <Operation>1</Operation>
                    </Platform>
                    <Platform Name="Android64">
                        <RemoteDir>res\drawable-mdpi</RemoteDir>
                        <Operation>1</Operation>
                    </Platform>
                </DeployClass>
                <DeployClass Name="Android_LauncherIcon72">
                    <Platform Name="Android">
                        <RemoteDir>res\drawable-hdpi</RemoteDir>
                        <Operation>1</Operation>
                    </Platform>
                    <Platform Name="Android64">
                        <RemoteDir>res\drawable-hdpi</RemoteDir>
                        <Operation>1</Operation>
                    </Platform>
                </DeployClass>
                <DeployClass Name="Android_LauncherIcon96">
                    <Platform Name="Android">
                        <RemoteDir>res\drawable-xhdpi</RemoteDir>
                        <Operation>1</Operation>
                    </Platform>
                    <Platform Name="Android64">
                        <RemoteDir>res\drawable-xhdpi</RemoteDir>
                        <Operation>1</Operation>
                    </Platform>
                </DeployClass>
                <DeployClass Name="Android_NotificationIcon24">
                    <Platform Name="Android">
                        <RemoteDir>res\drawable-mdpi</RemoteDir>
                        <Operation>1</Operation>
                    </Platform>
                    <Platform Name="Android64">
                        <RemoteDir>res\drawable-mdpi</RemoteDir>
                        <Operation>1</Operation>
                    </Platform>
                </DeployClass>
                <DeployClass Name="Android_NotificationIcon36">
                    <Platform Name="Android">
                        <RemoteDir>res\drawable-hdpi</RemoteDir>
                        <Operation>1</Operation>
                    </Platform>
                    <Platform Name="Android64">
                        <RemoteDir>res\drawable-hdpi</RemoteDir>
                        <Operation>1</Operation>
                    </Platform>
                </DeployClass>
                <DeployClass Name="Android_NotificationIcon48">
                    <Platform Name="Android">
                        <RemoteDir>res\drawable-xhdpi</RemoteDir>
                        <Operation>1</Operation>
                    </Platform>
                    <Platform Name="Android64">
                        <RemoteDir>res\drawable-xhdpi</RemoteDir>
                        <Operation>1</Operation>
                    </Platform>
                </DeployClass>
                <DeployClass Name="Android_NotificationIcon72">
                    <Platform Name="Android">
                        <RemoteDir>res\drawable-xxhdpi</RemoteDir>
                        <Operation>1</Operation>
                    </Platform>
                    <Platform Name="Android64">
                        <RemoteDir>res\drawable-xxhdpi</RemoteDir>
                        <Operation>1</Operation>
                    </Platform>
                </DeployClass>
                <DeployClass Name="Android_NotificationIcon96">
                    <Platform Name="Android">
                        <RemoteDir>res\drawable-xxxhdpi</RemoteDir>
                        <Operation>1</Operation>
                    </Platform>
                    <Platform Name="Android64">
                        <RemoteDir>res\drawable-xxxhdpi</RemoteDir>
                        <Operation>1</Operation>
                    </Platform>
                </DeployClass>
                <DeployClass Name="Android_SplashImage426">
                    <Platform Name="Android">
                        <RemoteDir>res\drawable-small</RemoteDir>
                        <Operation>1</Operation>
                    </Platform>
                    <Platform Name="Android64">
                        <RemoteDir>res\drawable-small</RemoteDir>
                        <Operation>1</Operation>
                    </Platform>
                </DeployClass>
                <DeployClass Name="Android_SplashImage470">
                    <Platform Name="Android">
                        <RemoteDir>res\drawable-normal</RemoteDir>
                        <Operation>1</Operation>
                    </Platform>
                    <Platform Name="Android64">
                        <RemoteDir>res\drawable-normal</RemoteDir>
                        <Operation>1</Operation>
                    </Platform>
                </DeployClass>
                <DeployClass Name="Android_SplashImage640">
                    <Platform Name="Android">
                        <RemoteDir>res\drawable-large</RemoteDir>
                        <Operation>1</Operation>
                    </Platform>
                    <Platform Name="Android64">
                        <RemoteDir>res\drawable-large</RemoteDir>
                        <Operation>1</Operation>
                    </Platform>
                </DeployClass>
                <DeployClass Name="Android_SplashImage960">
                    <Platform Name="Android">
                        <RemoteDir>res\drawable-xlarge</RemoteDir>
                        <Operation>1</Operation>
                    </Platform>
                    <Platform Name="Android64">
                        <RemoteDir>res\drawable-xlarge</RemoteDir>
                        <Operation>1</Operation>
                    </Platform>
                </DeployClass>
                <DeployClass Name="Android_Strings">
                    <Platform Name="Android">
                        <RemoteDir>res\values</RemoteDir>
                        <Operation>1</Operation>
                    </Platform>
                    <Platform Name="Android64">
                        <RemoteDir>res\values</RemoteDir>
                        <Operation>1</Operation>
                    </Platform>
                </DeployClass>
                <DeployClass Name="Android_VectorizedNotificationIcon">
                    <Platform Name="Android">
                        <RemoteDir>res\drawable-anydpi-v24</RemoteDir>
                        <Operation>1</Operation>
                    </Platform>
                    <Platform Name="Android64">
                        <RemoteDir>res\drawable-anydpi-v24</RemoteDir>
                        <Operation>1</Operation>
                    </Platform>
                </DeployClass>
                <DeployClass Name="Android_VectorizedSplash">
                    <Platform Name="Android">
                        <RemoteDir>res\drawable</RemoteDir>
                        <Operation>1</Operation>
                    </Platform>
                    <Platform Name="Android64">
                        <RemoteDir>res\drawable</RemoteDir>
                        <Operation>1</Operation>
                    </Platform>
                </DeployClass>
                <DeployClass Name="Android_VectorizedSplashDark">
                    <Platform Name="Android">
                        <RemoteDir>res\drawable-night-anydpi-v21</RemoteDir>
                        <Operation>1</Operation>
                    </Platform>
                    <Platform Name="Android64">
                        <RemoteDir>res\drawable-night-anydpi-v21</RemoteDir>
                        <Operation>1</Operation>
                    </Platform>
                </DeployClass>
                <DeployClass Name="Android_VectorizedSplashV31">
                    <Platform Name="Android">
                        <RemoteDir>res\drawable-anydpi-v31</RemoteDir>
                        <Operation>1</Operation>
                    </Platform>
                    <Platform Name="Android64">
                        <RemoteDir>res\drawable-anydpi-v31</RemoteDir>
                        <Operation>1</Operation>
                    </Platform>
                </DeployClass>
                <DeployClass Name="Android_VectorizedSplashV31Dark">
                    <Platform Name="Android">
                        <RemoteDir>res\drawable-night-anydpi-v31</RemoteDir>
                        <Operation>1</Operation>
                    </Platform>
                    <Platform Name="Android64">
                        <RemoteDir>res\drawable-night-anydpi-v31</RemoteDir>
                        <Operation>1</Operation>
                    </Platform>
                </DeployClass>
                <DeployClass Name="DebugSymbols">
                    <Platform Name="iOSSimulator">
                        <Operation>1</Operation>
                    </Platform>
                    <Platform Name="OSX32">
                        <RemoteDir>Contents\MacOS</RemoteDir>
                        <Operation>1</Operation>
                    </Platform>
                    <Platform Name="Win32">
                        <Operation>0</Operation>
                    </Platform>
                </DeployClass>
                <DeployClass Name="DependencyFramework">
                    <Platform Name="OSX32">
                        <RemoteDir>Contents\MacOS</RemoteDir>
                        <Operation>1</Operation>
                        <Extensions>.framework</Extensions>
                    </Platform>
                    <Platform Name="OSX64">
                        <RemoteDir>Contents\MacOS</RemoteDir>
                        <Operation>1</Operation>
                        <Extensions>.framework</Extensions>
                    </Platform>
                    <Platform Name="OSXARM64">
                        <RemoteDir>Contents\MacOS</RemoteDir>
                        <Operation>1</Operation>
                        <Extensions>.framework</Extensions>
                    </Platform>
                    <Platform Name="Win32">
                        <Operation>0</Operation>
                    </Platform>
                </DeployClass>
                <DeployClass Name="DependencyModule">
                    <Platform Name="iOSDevice32">
                        <Operation>1</Operation>
                        <Extensions>.dylib</Extensions>
                    </Platform>
                    <Platform Name="iOSDevice64">
                        <Operation>1</Operation>
                        <Extensions>.dylib</Extensions>
                    </Platform>
                    <Platform Name="iOSSimulator">
                        <Operation>1</Operation>
                        <Extensions>.dylib</Extensions>
                    </Platform>
                    <Platform Name="OSX32">
                        <RemoteDir>Contents\MacOS</RemoteDir>
                        <Operation>1</Operation>
                        <Extensions>.dylib</Extensions>
                    </Platform>
                    <Platform Name="OSX64">
                        <RemoteDir>Contents\MacOS</RemoteDir>
                        <Operation>1</Operation>
                        <Extensions>.dylib</Extensions>
                    </Platform>
                    <Platform Name="OSXARM64">
                        <RemoteDir>Contents\MacOS</RemoteDir>
                        <Operation>1</Operation>
                        <Extensions>.dylib</Extensions>
                    </Platform>
                    <Platform Name="Win32">
                        <Operation>0</Operation>
                        <Extensions>.dll;.bpl</Extensions>
                    </Platform>
                </DeployClass>
                <DeployClass Required="true" Name="DependencyPackage">
                    <Platform Name="iOSDevice32">
                        <Operation>1</Operation>
                        <Extensions>.dylib</Extensions>
                    </Platform>
                    <Platform Name="iOSDevice64">
                        <Operation>1</Operation>
                        <Extensions>.dylib</Extensions>
                    </Platform>
                    <Platform Name="iOSSimulator">
                        <Operation>1</Operation>
                        <Extensions>.dylib</Extensions>
                    </Platform>
                    <Platform Name="OSX32">
                        <RemoteDir>Contents\MacOS</RemoteDir>
                        <Operation>1</Operation>
                        <Extensions>.dylib</Extensions>
                    </Platform>
                    <Platform Name="OSX64">
                        <RemoteDir>Contents\MacOS</RemoteDir>
                        <Operation>1</Operation>
                        <Extensions>.dylib</Extensions>
                    </Platform>
                    <Platform Name="OSXARM64">
                        <RemoteDir>Contents\MacOS</RemoteDir>
                        <Operation>1</Operation>
                        <Extensions>.dylib</Extensions>
                    </Platform>
                    <Platform Name="Win32">
                        <Operation>0</Operation>
                        <Extensions>.bpl</Extensions>
                    </Platform>
                </DeployClass>
                <DeployClass Name="File">
                    <Platform Name="Android">
                        <Operation>0</Operation>
                    </Platform>
                    <Platform Name="Android64">
                        <Operation>0</Operation>
                    </Platform>
                    <Platform Name="iOSDevice32">
                        <Operation>0</Operation>
                    </Platform>
                    <Platform Name="iOSDevice64">
                        <Operation>0</Operation>
                    </Platform>
                    <Platform Name="iOSSimulator">
                        <Operation>0</Operation>
                    </Platform>
                    <Platform Name="OSX32">
                        <RemoteDir>Contents\Resources\StartUp\</RemoteDir>
                        <Operation>0</Operation>
                    </Platform>
                    <Platform Name="OSX64">
                        <RemoteDir>Contents\Resources\StartUp\</RemoteDir>
                        <Operation>0</Operation>
                    </Platform>
                    <Platform Name="OSXARM64">
                        <RemoteDir>Contents\Resources\StartUp\</RemoteDir>
                        <Operation>0</Operation>
                    </Platform>
                    <Platform Name="Win32">
                        <Operation>0</Operation>
                    </Platform>
                </DeployClass>
                <DeployClass Name="iOS_AppStore1024">
                    <Platform Name="iOSDevice64">
                        <RemoteDir>..\$(PROJECTNAME).launchscreen\Assets\AppIcon.appiconset</RemoteDir>
                        <Operation>1</Operation>
                    </Platform>
                </DeployClass>
                <DeployClass Name="iPad_AppIcon152">
                    <Platform Name="iOSDevice64">
                        <RemoteDir>..\$(PROJECTNAME).launchscreen\Assets\AppIcon.appiconset</RemoteDir>
                        <Operation>1</Operation>
                    </Platform>
                    <Platform Name="iOSSimulator">
                        <RemoteDir>..\$(PROJECTNAME).launchscreen\Assets\AppIcon.appiconset</RemoteDir>
                        <Operation>1</Operation>
                    </Platform>
                </DeployClass>
                <DeployClass Name="iPad_AppIcon167">
                    <Platform Name="iOSDevice64">
                        <RemoteDir>..\$(PROJECTNAME).launchscreen\Assets\AppIcon.appiconset</RemoteDir>
                        <Operation>1</Operation>
                    </Platform>
                    <Platform Name="iOSSimulator">
                        <RemoteDir>..\$(PROJECTNAME).launchscreen\Assets\AppIcon.appiconset</RemoteDir>
                        <Operation>1</Operation>
                    </Platform>
                </DeployClass>
                <DeployClass Name="iPad_Launch2x">
                    <Platform Name="iOSDevice64">
                        <RemoteDir>..\$(PROJECTNAME).launchscreen\Assets\LaunchScreenImage.imageset</RemoteDir>
                        <Operation>1</Operation>
                    </Platform>
                    <Platform Name="iOSSimulator">
                        <RemoteDir>..\$(PROJECTNAME).launchscreen\Assets\LaunchScreenImage.imageset</RemoteDir>
                        <Operation>1</Operation>
                    </Platform>
                </DeployClass>
                <DeployClass Name="iPad_LaunchDark2x">
                    <Platform Name="iOSDevice64">
                        <RemoteDir>..\$(PROJECTNAME).launchscreen\Assets\LaunchScreenImage.imageset</RemoteDir>
                        <Operation>1</Operation>
                    </Platform>
                    <Platform Name="iOSSimulator">
                        <RemoteDir>..\$(PROJECTNAME).launchscreen\Assets\LaunchScreenImage.imageset</RemoteDir>
                        <Operation>1</Operation>
                    </Platform>
                </DeployClass>
                <DeployClass Name="iPad_Notification40">
                    <Platform Name="iOSDevice64">
                        <RemoteDir>..\$(PROJECTNAME).launchscreen\Assets\AppIcon.appiconset</RemoteDir>
                        <Operation>1</Operation>
                    </Platform>
                    <Platform Name="iOSSimulator">
                        <RemoteDir>..\$(PROJECTNAME).launchscreen\Assets\AppIcon.appiconset</RemoteDir>
                        <Operation>1</Operation>
                    </Platform>
                </DeployClass>
                <DeployClass Name="iPad_Setting58">
                    <Platform Name="iOSDevice64">
                        <RemoteDir>..\$(PROJECTNAME).launchscreen\Assets\AppIcon.appiconset</RemoteDir>
                        <Operation>1</Operation>
                    </Platform>
                    <Platform Name="iOSSimulator">
                        <RemoteDir>..\$(PROJECTNAME).launchscreen\Assets\AppIcon.appiconset</RemoteDir>
                        <Operation>1</Operation>
                    </Platform>
                </DeployClass>
                <DeployClass Name="iPad_SpotLight80">
                    <Platform Name="iOSDevice64">
                        <RemoteDir>..\$(PROJECTNAME).launchscreen\Assets\AppIcon.appiconset</RemoteDir>
                        <Operation>1</Operation>
                    </Platform>
                    <Platform Name="iOSSimulator">
                        <RemoteDir>..\$(PROJECTNAME).launchscreen\Assets\AppIcon.appiconset</RemoteDir>
                        <Operation>1</Operation>
                    </Platform>
                </DeployClass>
                <DeployClass Name="iPhone_AppIcon120">
                    <Platform Name="iOSDevice64">
                        <RemoteDir>..\$(PROJECTNAME).launchscreen\Assets\AppIcon.appiconset</RemoteDir>
                        <Operation>1</Operation>
                    </Platform>
                    <Platform Name="iOSSimulator">
                        <RemoteDir>..\$(PROJECTNAME).launchscreen\Assets\AppIcon.appiconset</RemoteDir>
                        <Operation>1</Operation>
                    </Platform>
                </DeployClass>
                <DeployClass Name="iPhone_AppIcon180">
                    <Platform Name="iOSDevice64">
                        <RemoteDir>..\$(PROJECTNAME).launchscreen\Assets\AppIcon.appiconset</RemoteDir>
                        <Operation>1</Operation>
                    </Platform>
                    <Platform Name="iOSSimulator">
                        <RemoteDir>..\$(PROJECTNAME).launchscreen\Assets\AppIcon.appiconset</RemoteDir>
                        <Operation>1</Operation>
                    </Platform>
                </DeployClass>
                <DeployClass Name="iPhone_Launch2x">
                    <Platform Name="iOSDevice64">
                        <RemoteDir>..\$(PROJECTNAME).launchscreen\Assets\LaunchScreenImage.imageset</RemoteDir>
                        <Operation>1</Operation>
                    </Platform>
                    <Platform Name="iOSSimulator">
                        <RemoteDir>..\$(PROJECTNAME).launchscreen\Assets\LaunchScreenImage.imageset</RemoteDir>
                        <Operation>1</Operation>
                    </Platform>
                </DeployClass>
                <DeployClass Name="iPhone_Launch3x">
                    <Platform Name="iOSDevice64">
                        <RemoteDir>..\$(PROJECTNAME).launchscreen\Assets\LaunchScreenImage.imageset</RemoteDir>
                        <Operation>1</Operation>
                    </Platform>
                    <Platform Name="iOSSimulator">
                        <RemoteDir>..\$(PROJECTNAME).launchscreen\Assets\LaunchScreenImage.imageset</RemoteDir>
                        <Operation>1</Operation>
                    </Platform>
                </DeployClass>
                <DeployClass Name="iPhone_LaunchDark2x">
                    <Platform Name="iOSDevice64">
                        <RemoteDir>..\$(PROJECTNAME).launchscreen\Assets\LaunchScreenImage.imageset</RemoteDir>
                        <Operation>1</Operation>
                    </Platform>
                    <Platform Name="iOSSimulator">
                        <RemoteDir>..\$(PROJECTNAME).launchscreen\Assets\LaunchScreenImage.imageset</RemoteDir>
                        <Operation>1</Operation>
                    </Platform>
                </DeployClass>
                <DeployClass Name="iPhone_LaunchDark3x">
                    <Platform Name="iOSDevice64">
                        <RemoteDir>..\$(PROJECTNAME).launchscreen\Assets\LaunchScreenImage.imageset</RemoteDir>
                        <Operation>1</Operation>
                    </Platform>
                    <Platform Name="iOSSimulator">
                        <RemoteDir>..\$(PROJECTNAME).launchscreen\Assets\LaunchScreenImage.imageset</RemoteDir>
                        <Operation>1</Operation>
                    </Platform>
                </DeployClass>
                <DeployClass Name="iPhone_Notification40">
                    <Platform Name="iOSDevice64">
                        <RemoteDir>..\$(PROJECTNAME).launchscreen\Assets\AppIcon.appiconset</RemoteDir>
                        <Operation>1</Operation>
                    </Platform>
                    <Platform Name="iOSSimulator">
                        <RemoteDir>..\$(PROJECTNAME).launchscreen\Assets\AppIcon.appiconset</RemoteDir>
                        <Operation>1</Operation>
                    </Platform>
                </DeployClass>
                <DeployClass Name="iPhone_Notification60">
                    <Platform Name="iOSDevice64">
                        <RemoteDir>..\$(PROJECTNAME).launchscreen\Assets\AppIcon.appiconset</RemoteDir>
                        <Operation>1</Operation>
                    </Platform>
                    <Platform Name="iOSSimulator">
                        <RemoteDir>..\$(PROJECTNAME).launchscreen\Assets\AppIcon.appiconset</RemoteDir>
                        <Operation>1</Operation>
                    </Platform>
                </DeployClass>
                <DeployClass Name="iPhone_Setting58">
                    <Platform Name="iOSDevice64">
                        <RemoteDir>..\$(PROJECTNAME).launchscreen\Assets\AppIcon.appiconset</RemoteDir>
                        <Operation>1</Operation>
                    </Platform>
                    <Platform Name="iOSSimulator">
                        <RemoteDir>..\$(PROJECTNAME).launchscreen\Assets\AppIcon.appiconset</RemoteDir>
                        <Operation>1</Operation>
                    </Platform>
                </DeployClass>
                <DeployClass Name="iPhone_Setting87">
                    <Platform Name="iOSDevice64">
                        <RemoteDir>..\$(PROJECTNAME).launchscreen\Assets\AppIcon.appiconset</RemoteDir>
                        <Operation>1</Operation>
                    </Platform>
                    <Platform Name="iOSSimulator">
                        <RemoteDir>..\$(PROJECTNAME).launchscreen\Assets\AppIcon.appiconset</RemoteDir>
                        <Operation>1</Operation>
                    </Platform>
                </DeployClass>
                <DeployClass Name="iPhone_Spotlight120">
                    <Platform Name="iOSDevice64">
                        <RemoteDir>..\$(PROJECTNAME).launchscreen\Assets\AppIcon.appiconset</RemoteDir>
                        <Operation>1</Operation>
                    </Platform>
                    <Platform Name="iOSSimulator">
                        <RemoteDir>..\$(PROJECTNAME).launchscreen\Assets\AppIcon.appiconset</RemoteDir>
                        <Operation>1</Operation>
                    </Platform>
                </DeployClass>
                <DeployClass Name="iPhone_Spotlight80">
                    <Platform Name="iOSDevice64">
                        <RemoteDir>..\$(PROJECTNAME).launchscreen\Assets\AppIcon.appiconset</RemoteDir>
                        <Operation>1</Operation>
                    </Platform>
                    <Platform Name="iOSSimulator">
                        <RemoteDir>..\$(PROJECTNAME).launchscreen\Assets\AppIcon.appiconset</RemoteDir>
                        <Operation>1</Operation>
                    </Platform>
                </DeployClass>
                <DeployClass Name="ProjectAndroidManifest">
                    <Platform Name="Android">
                        <Operation>1</Operation>
                    </Platform>
                    <Platform Name="Android64">
                        <Operation>1</Operation>
                    </Platform>
                </DeployClass>
                <DeployClass Name="ProjectiOSDeviceDebug">
                    <Platform Name="iOSDevice32">
                        <RemoteDir>..\$(PROJECTNAME).app.dSYM\Contents\Resources\DWARF</RemoteDir>
                        <Operation>1</Operation>
                    </Platform>
                    <Platform Name="iOSDevice64">
                        <RemoteDir>..\$(PROJECTNAME).app.dSYM\Contents\Resources\DWARF</RemoteDir>
                        <Operation>1</Operation>
                    </Platform>
                </DeployClass>
                <DeployClass Name="ProjectiOSEntitlements">
                    <Platform Name="iOSDevice32">
                        <RemoteDir>..\</RemoteDir>
                        <Operation>1</Operation>
                    </Platform>
                    <Platform Name="iOSDevice64">
                        <RemoteDir>..\</RemoteDir>
                        <Operation>1</Operation>
                    </Platform>
                </DeployClass>
                <DeployClass Name="ProjectiOSInfoPList">
                    <Platform Name="iOSDevice32">
                        <Operation>1</Operation>
                    </Platform>
                    <Platform Name="iOSDevice64">
                        <Operation>1</Operation>
                    </Platform>
                    <Platform Name="iOSSimulator">
                        <Operation>1</Operation>
                    </Platform>
                </DeployClass>
                <DeployClass Name="ProjectiOSLaunchScreen">
                    <Platform Name="iOSDevice64">
                        <RemoteDir>..\$(PROJECTNAME).launchscreen</RemoteDir>
                        <Operation>64</Operation>
                    </Platform>
                    <Platform Name="iOSSimulator">
                        <RemoteDir>..\$(PROJECTNAME).launchscreen</RemoteDir>
                        <Operation>64</Operation>
                    </Platform>
                </DeployClass>
                <DeployClass Name="ProjectiOSResource">
                    <Platform Name="iOSDevice32">
                        <Operation>1</Operation>
                    </Platform>
                    <Platform Name="iOSDevice64">
                        <Operation>1</Operation>
                    </Platform>
                    <Platform Name="iOSSimulator">
                        <Operation>1</Operation>
                    </Platform>
                </DeployClass>
                <DeployClass Name="ProjectOSXDebug">
                    <Platform Name="OSX64">
                        <RemoteDir>..\$(PROJECTNAME).app.dSYM\Contents\Resources\DWARF</RemoteDir>
                        <Operation>1</Operation>
                    </Platform>
                    <Platform Name="OSXARM64">
                        <RemoteDir>..\$(PROJECTNAME).app.dSYM\Contents\Resources\DWARF</RemoteDir>
                        <Operation>1</Operation>
                    </Platform>
                </DeployClass>
                <DeployClass Name="ProjectOSXEntitlements">
                    <Platform Name="OSX32">
                        <RemoteDir>..\</RemoteDir>
                        <Operation>1</Operation>
                    </Platform>
                    <Platform Name="OSX64">
                        <RemoteDir>..\</RemoteDir>
                        <Operation>1</Operation>
                    </Platform>
                    <Platform Name="OSXARM64">
                        <RemoteDir>..\</RemoteDir>
                        <Operation>1</Operation>
                    </Platform>
                </DeployClass>
                <DeployClass Name="ProjectOSXInfoPList">
                    <Platform Name="OSX32">
                        <RemoteDir>Contents</RemoteDir>
                        <Operation>1</Operation>
                    </Platform>
                    <Platform Name="OSX64">
                        <RemoteDir>Contents</RemoteDir>
                        <Operation>1</Operation>
                    </Platform>
                    <Platform Name="OSXARM64">
                        <RemoteDir>Contents</RemoteDir>
                        <Operation>1</Operation>
                    </Platform>
                </DeployClass>
                <DeployClass Name="ProjectOSXResource">
                    <Platform Name="OSX32">
                        <RemoteDir>Contents\Resources</RemoteDir>
                        <Operation>1</Operation>
                    </Platform>
                    <Platform Name="OSX64">
                        <RemoteDir>Contents\Resources</RemoteDir>
                        <Operation>1</Operation>
                    </Platform>
                    <Platform Name="OSXARM64">
                        <RemoteDir>Contents\Resources</RemoteDir>
                        <Operation>1</Operation>
                    </Platform>
                </DeployClass>
                <DeployClass Required="true" Name="ProjectOutput">
                    <Platform Name="Android">
                        <RemoteDir>library\lib\armeabi-v7a</RemoteDir>
                        <Operation>1</Operation>
                    </Platform>
                    <Platform Name="Android64">
                        <RemoteDir>library\lib\arm64-v8a</RemoteDir>
                        <Operation>1</Operation>
                    </Platform>
                    <Platform Name="iOSDevice32">
                        <Operation>1</Operation>
                    </Platform>
                    <Platform Name="iOSDevice64">
                        <Operation>1</Operation>
                    </Platform>
                    <Platform Name="iOSSimulator">
                        <Operation>1</Operation>
                    </Platform>
                    <Platform Name="Linux64">
                        <Operation>1</Operation>
                    </Platform>
                    <Platform Name="OSX32">
                        <RemoteDir>Contents\MacOS</RemoteDir>
                        <Operation>1</Operation>
                    </Platform>
                    <Platform Name="OSX64">
                        <RemoteDir>Contents\MacOS</RemoteDir>
                        <Operation>1</Operation>
                    </Platform>
                    <Platform Name="OSXARM64">
                        <RemoteDir>Contents\MacOS</RemoteDir>
                        <Operation>1</Operation>
                    </Platform>
                    <Platform Name="Win32">
                        <Operation>0</Operation>
                    </Platform>
                </DeployClass>
                <DeployClass Name="ProjectOutput_Android32">
                    <Platform Name="Android64">
                        <RemoteDir>library\lib\armeabi-v7a</RemoteDir>
                        <Operation>1</Operation>
                    </Platform>
                </DeployClass>
                <DeployClass Name="ProjectUWPManifest">
                    <Platform Name="Win32">
                        <Operation>1</Operation>
                    </Platform>
                    <Platform Name="Win64">
                        <Operation>1</Operation>
                    </Platform>
                </DeployClass>
                <DeployClass Name="UWP_DelphiLogo150">
                    <Platform Name="Win32">
                        <RemoteDir>Assets</RemoteDir>
                        <Operation>1</Operation>
                    </Platform>
                    <Platform Name="Win64">
                        <RemoteDir>Assets</RemoteDir>
                        <Operation>1</Operation>
                    </Platform>
                </DeployClass>
                <DeployClass Name="UWP_DelphiLogo44">
                    <Platform Name="Win32">
                        <RemoteDir>Assets</RemoteDir>
                        <Operation>1</Operation>
                    </Platform>
                    <Platform Name="Win64">
                        <RemoteDir>Assets</RemoteDir>
                        <Operation>1</Operation>
                    </Platform>
                </DeployClass>
                <ProjectRoot Platform="Android" Name="$(PROJECTNAME)"/>
                <ProjectRoot Platform="Android64" Name="$(PROJECTNAME)"/>
                <ProjectRoot Platform="iOSDevice32" Name="$(PROJECTNAME).app"/>
                <ProjectRoot Platform="iOSDevice64" Name="$(PROJECTNAME).app"/>
                <ProjectRoot Platform="iOSSimARM64" Name="$(PROJECTNAME).app"/>
                <ProjectRoot Platform="iOSSimulator" Name="$(PROJECTNAME).app"/>
                <ProjectRoot Platform="Linux64" Name="$(PROJECTNAME)"/>
                <ProjectRoot Platform="OSX32" Name="$(PROJECTNAME).app"/>
                <ProjectRoot Platform="OSX64" Name="$(PROJECTNAME).app"/>
                <ProjectRoot Platform="OSXARM64" Name="$(PROJECTNAME).app"/>
                <ProjectRoot Platform="Win32" Name="$(PROJECTNAME)"/>
                <ProjectRoot Platform="Win64" Name="$(PROJECTNAME)"/>
                <ProjectRoot Platform="Win64x" Name="$(PROJECTNAME)"/>
            </Deployment>
            <Platforms>
                <Platform value="Win32">True</Platform>
                <Platform value="Win64">True</Platform>
            </Platforms>
        </BorlandProject>
        <ProjectFileVersion>12</ProjectFileVersion>
    </ProjectExtensions>
    <Import Project="$(BDS)\Bin\CodeGear.Delphi.Targets" Condition="Exists('$(BDS)\Bin\CodeGear.Delphi.Targets')"/>
    <Import Project="$(APPDATA)\Embarcadero\$(BDSAPPDATABASEDIR)\$(PRODUCTVERSION)\UserTools.proj" Condition="Exists('$(APPDATA)\Embarcadero\$(BDSAPPDATABASEDIR)\$(PRODUCTVERSION)\UserTools.proj')"/>
    <Import Project="$(MSBuildProjectName).deployproj" Condition="Exists('$(MSBuildProjectName).deployproj')"/>
</Project>
